{
  "name": "meal_report",
  "lockfileVersion": 3,
  "requires": true,
  "packages": {
    "": {
      "dependencies": {
        "tsx-dom": "^3.1.0"
      }
    },
    "node_modules/tsx-dom": {
      "version": "3.1.0",
      "resolved": "https://registry.npmjs.org/tsx-dom/-/tsx-dom-3.1.0.tgz",
      "integrity": "sha512-PGN7iL6zNC4Jj7bA1groSIz5mFB3Rr+SeoywZk2g4+c9uV8wwzCf+5tFQ8SyZxQIBHech3ueB0KxV3OFieqhOA==",
      "license": "MIT",
      "dependencies": {
        "tsx-dom-types": "2.1.0"
      }
    },
    "node_modules/tsx-dom-types": {
      "version": "2.1.0",
      "resolved": "https://registry.npmjs.org/tsx-dom-types/-/tsx-dom-types-2.1.0.tgz",
      "integrity": "sha512-pZaMTrMRNom+D1b82K+1cWVMuogXrD/ANI42UYxilw27tF+tDCgj7GrD1XLmCxbHPDO2zxfmFuaz04KIEfWydQ==",
      "license": "MIT"
    }
  }
}
